
Microsoft Visual Studio Solution File, Format Version 12.00
# Visual Studio 15
Project("{FAE04EC0-301F-11D3-BF4B-00C04F79EFBC}") = "SimpleWebTransport", "SimpleWebTransport.csproj", "{B4075BED-875E-7F76-F8BC-632B73447008}"
EndProject
Project("{FAE04EC0-301F-11D3-BF4B-00C04F79EFBC}") = "Mirror.Examples", "Mirror.Examples.csproj", "{59D2A45E-EFAB-DC31-767C-4BFDFDA3D323}"
EndProject
Project("{FAE04EC0-301F-11D3-BF4B-00C04F79EFBC}") = "Mirror", "Mirror.csproj", "{4D415BF9-BB8C-53B8-4E15-80D7A9E5DD7E}"
EndProject
Project("{FAE04EC0-301F-11D3-BF4B-00C04F79EFBC}") = "Mirror.Components", "Mirror.Components.csproj", "{C17F594F-74F2-B371-1A18-0CCCA12CFA66}"
EndProject
Project("{FAE04EC0-301F-11D3-BF4B-00C04F79EFBC}") = "Assembly-CSharp", "Assembly-CSharp.csproj", "{ADB2A59F-5D35-BA09-8784-BBC424A6D6D4}"
EndProject
Project("{FAE04EC0-301F-11D3-BF4B-00C04F79EFBC}") = "Telepathy", "Telepathy.csproj", "{BA55D10F-D90F-C749-229A-0BE3AE7EE390}"
EndProject
Project("{FAE04EC0-301F-11D3-BF4B-00C04F79EFBC}") = "kcp2k", "kcp2k.csproj", "{2DF8D7B3-A0F6-5F56-C8B7-650F86F773C0}"
EndProject
Project("{FAE04EC0-301F-11D3-BF4B-00C04F79EFBC}") = "MultiplexTransport", "MultiplexTransport.csproj", "{2FB3870C-C423-2939-7122-19B9502A480F}"
EndProject
Project("{FAE04EC0-301F-11D3-BF4B-00C04F79EFBC}") = "where-allocations", "where-allocations.csproj", "{5EC89A99-C356-1EFD-83B0-5AC24ACDB948}"
EndProject
Project("{FAE04EC0-301F-11D3-BF4B-00C04F79EFBC}") = "MiddlewareTransport", "MiddlewareTransport.csproj", "{5A71E1C5-1F4D-CDB2-6AE5-B0EE97A5BDCB}"
EndProject
Project("{FAE04EC0-301F-11D3-BF4B-00C04F79EFBC}") = "Mirror.Authenticators", "Mirror.Authenticators.csproj", "{838D5AC0-0FF8-22B8-3F07-0345307F110D}"
EndProject
Project("{FAE04EC0-301F-11D3-BF4B-00C04F79EFBC}") = "Unity.Mirror.CodeGen", "Unity.Mirror.CodeGen.csproj", "{3E41B80B-9E74-1BF4-7322-AC3B6575984F}"
EndProject
Project("{FAE04EC0-301F-11D3-BF4B-00C04F79EFBC}") = "Mirror.Editor", "Mirror.Editor.csproj", "{01099EC3-31D6-7B66-8A43-A945066A0A5C}"
EndProject
Project("{FAE04EC0-301F-11D3-BF4B-00C04F79EFBC}") = "Mirror.CompilerSymbols", "Mirror.CompilerSymbols.csproj", "{4CCF22EB-9E4C-3B93-24B7-2D4584698A44}"
EndProject
Global
	GlobalSection(SolutionConfigurationPlatforms) = preSolution
		Debug|Any CPU = Debug|Any CPU
		Release|Any CPU = Release|Any CPU
	EndGlobalSection
	GlobalSection(ProjectConfigurationPlatforms) = postSolution
		{B4075BED-875E-7F76-F8BC-632B73447008}.Debug|Any CPU.ActiveCfg = Debug|Any CPU
		{B4075BED-875E-7F76-F8BC-632B73447008}.Debug|Any CPU.Build.0 = Debug|Any CPU
		{B4075BED-875E-7F76-F8BC-632B73447008}.Release|Any CPU.ActiveCfg = Release|Any CPU
		{B4075BED-875E-7F76-F8BC-632B73447008}.Release|Any CPU.Build.0 = Release|Any CPU
		{59D2A45E-EFAB-DC31-767C-4BFDFDA3D323}.Debug|Any CPU.ActiveCfg = Debug|Any CPU
		{59D2A45E-EFAB-DC31-767C-4BFDFDA3D323}.Debug|Any CPU.Build.0 = Debug|Any CPU
		{59D2A45E-EFAB-DC31-767C-4BFDFDA3D323}.Release|Any CPU.ActiveCfg = Release|Any CPU
		{59D2A45E-EFAB-DC31-767C-4BFDFDA3D323}.Release|Any CPU.Build.0 = Release|Any CPU
		{4D415BF9-BB8C-53B8-4E15-80D7A9E5DD7E}.Debug|Any CPU.ActiveCfg = Debug|Any CPU
		{4D415BF9-BB8C-53B8-4E15-80D7A9E5DD7E}.Debug|Any CPU.Build.0 = Debug|Any CPU
		{4D415BF9-BB8C-53B8-4E15-80D7A9E5DD7E}.Release|Any CPU.ActiveCfg = Release|Any CPU
		{4D415BF9-BB8C-53B8-4E15-80D7A9E5DD7E}.Release|Any CPU.Build.0 = Release|Any CPU
		{C17F594F-74F2-B371-1A18-0CCCA12CFA66}.Debug|Any CPU.ActiveCfg = Debug|Any CPU
		{C17F594F-74F2-B371-1A18-0CCCA12CFA66}.Debug|Any CPU.Build.0 = Debug|Any CPU
		{C17F594F-74F2-B371-1A18-0CCCA12CFA66}.Release|Any CPU.ActiveCfg = Release|Any CPU
		{C17F594F-74F2-B371-1A18-0CCCA12CFA66}.Release|Any CPU.Build.0 = Release|Any CPU
		{ADB2A59F-5D35-BA09-8784-BBC424A6D6D4}.Debug|Any CPU.ActiveCfg = Debug|Any CPU
		{ADB2A59F-5D35-BA09-8784-BBC424A6D6D4}.Debug|Any CPU.Build.0 = Debug|Any CPU
		{ADB2A59F-5D35-BA09-8784-BBC424A6D6D4}.Release|Any CPU.ActiveCfg = Release|Any CPU
		{ADB2A59F-5D35-BA09-8784-BBC424A6D6D4}.Release|Any CPU.Build.0 = Release|Any CPU
		{BA55D10F-D90F-C749-229A-0BE3AE7EE390}.Debug|Any CPU.ActiveCfg = Debug|Any CPU
		{BA55D10F-D90F-C749-229A-0BE3AE7EE390}.Debug|Any CPU.Build.0 = Debug|Any CPU
		{BA55D10F-D90F-C749-229A-0BE3AE7EE390}.Release|Any CPU.ActiveCfg = Release|Any CPU
		{BA55D10F-D90F-C749-229A-0BE3AE7EE390}.Release|Any CPU.Build.0 = Release|Any CPU
		{2DF8D7B3-A0F6-5F56-C8B7-650F86F773C0}.Debug|Any CPU.ActiveCfg = Debug|Any CPU
		{2DF8D7B3-A0F6-5F56-C8B7-650F86F773C0}.Debug|Any CPU.Build.0 = Debug|Any CPU
		{2DF8D7B3-A0F6-5F56-C8B7-650F86F773C0}.Release|Any CPU.ActiveCfg = Release|Any CPU
		{2DF8D7B3-A0F6-5F56-C8B7-650F86F773C0}.Release|Any CPU.Build.0 = Release|Any CPU
		{2FB3870C-C423-2939-7122-19B9502A480F}.Debug|Any CPU.ActiveCfg = Debug|Any CPU
		{2FB3870C-C423-2939-7122-19B9502A480F}.Debug|Any CPU.Build.0 = Debug|Any CPU
		{2FB3870C-C423-2939-7122-19B9502A480F}.Release|Any CPU.ActiveCfg = Release|Any CPU
		{2FB3870C-C423-2939-7122-19B9502A480F}.Release|Any CPU.Build.0 = Release|Any CPU
		{5EC89A99-C356-1EFD-83B0-5AC24ACDB948}.Debug|Any CPU.ActiveCfg = Debug|Any CPU
		{5EC89A99-C356-1EFD-83B0-5AC24ACDB948}.Debug|Any CPU.Build.0 = Debug|Any CPU
		{5EC89A99-C356-1EFD-83B0-5AC24ACDB948}.Release|Any CPU.ActiveCfg = Release|Any CPU
		{5EC89A99-C356-1EFD-83B0-5AC24ACDB948}.Release|Any CPU.Build.0 = Release|Any CPU
		{5A71E1C5-1F4D-CDB2-6AE5-B0EE97A5BDCB}.Debug|Any CPU.ActiveCfg = Debug|Any CPU
		{5A71E1C5-1F4D-CDB2-6AE5-B0EE97A5BDCB}.Debug|Any CPU.Build.0 = Debug|Any CPU
		{5A71E1C5-1F4D-CDB2-6AE5-B0EE97A5BDCB}.Release|Any CPU.ActiveCfg = Release|Any CPU
		{5A71E1C5-1F4D-CDB2-6AE5-B0EE97A5BDCB}.Release|Any CPU.Build.0 = Release|Any CPU
		{838D5AC0-0FF8-22B8-3F07-0345307F110D}.Debug|Any CPU.ActiveCfg = Debug|Any CPU
		{838D5AC0-0FF8-22B8-3F07-0345307F110D}.Debug|Any CPU.Build.0 = Debug|Any CPU
		{838D5AC0-0FF8-22B8-3F07-0345307F110D}.Release|Any CPU.ActiveCfg = Release|Any CPU
		{838D5AC0-0FF8-22B8-3F07-0345307F110D}.Release|Any CPU.Build.0 = Release|Any CPU
		{3E41B80B-9E74-1BF4-7322-AC3B6575984F}.Debug|Any CPU.ActiveCfg = Debug|Any CPU
		{3E41B80B-9E74-1BF4-7322-AC3B6575984F}.Debug|Any CPU.Build.0 = Debug|Any CPU
		{3E41B80B-9E74-1BF4-7322-AC3B6575984F}.Release|Any CPU.ActiveCfg = Release|Any CPU
		{3E41B80B-9E74-1BF4-7322-AC3B6575984F}.Release|Any CPU.Build.0 = Release|Any CPU
		{01099EC3-31D6-7B66-8A43-A945066A0A5C}.Debug|Any CPU.ActiveCfg = Debug|Any CPU
		{01099EC3-31D6-7B66-8A43-A945066A0A5C}.Debug|Any CPU.Build.0 = Debug|Any CPU
		{01099EC3-31D6-7B66-8A43-A945066A0A5C}.Release|Any CPU.ActiveCfg = Release|Any CPU
		{01099EC3-31D6-7B66-8A43-A945066A0A5C}.Release|Any CPU.Build.0 = Release|Any CPU
		{4CCF22EB-9E4C-3B93-24B7-2D4584698A44}.Debug|Any CPU.ActiveCfg = Debug|Any CPU
		{4CCF22EB-9E4C-3B93-24B7-2D4584698A44}.Debug|Any CPU.Build.0 = Debug|Any CPU
		{4CCF22EB-9E4C-3B93-24B7-2D4584698A44}.Release|Any CPU.ActiveCfg = Release|Any CPU
		{4CCF22EB-9E4C-3B93-24B7-2D4584698A44}.Release|Any CPU.Build.0 = Release|Any CPU
	EndGlobalSection
	GlobalSection(SolutionProperties) = preSolution
		HideSolutionNode = FALSE
	EndGlobalSection
EndGlobal
